
Microsoft Visual Studio Solution File, Format Version 12.00
# Visual Studio Version 17
VisualStudioVersion = 17.6.33717.318
MinimumVisualStudioVersion = 10.0.40219.1
Project("{9A19103F-16F7-4668-BE54-9A1E7A4F7556}") = "AuthSystem", "AuthSystem.csproj", "{DAA0BF7F-90AD-43B2-879E-2241CAABDDF0}"
EndProject
Project("{2150E333-8FDC-42A3-9474-1A3956D46DE8}") = "Solution Items", "Solution Items", "{E6F8FE2C-CDAE-4656-BFE9-192C92D356E3}"
	ProjectSection(SolutionItems) = preProject
		.editorconfig = .editorconfig
	EndProjectSection
EndProject
Global
	GlobalSection(SolutionConfigurationPlatforms) = preSolution
		Debug|Any CPU = Debug|Any CPU
		Release|Any CPU = Release|Any CPU
	EndGlobalSection
	GlobalSection(ProjectConfigurationPlatforms) = postSolution
		{DAA0BF7F-90AD-43B2-879E-2241CAABDDF0}.Debug|Any CPU.ActiveCfg = Debug|Any CPU
		{DAA0BF7F-90AD-43B2-879E-2241CAABDDF0}.Debug|Any CPU.Build.0 = Debug|Any CPU
		{DAA0BF7F-90AD-43B2-879E-2241CAABDDF0}.Release|Any CPU.ActiveCfg = Release|Any CPU
		{DAA0BF7F-90AD-43B2-879E-2241CAABDDF0}.Release|Any CPU.Build.0 = Release|Any CPU
	EndGlobalSection
	GlobalSection(SolutionProperties) = preSolution
		HideSolutionNode = FALSE
	EndGlobalSection
	GlobalSection(ExtensibilityGlobals) = postSolution
		SolutionGuid = {18FE07D5-C030-4579-A704-C44EC35992FE}
	EndGlobalSection
EndGlobal
